{
  "version": 4,
  "terraform_version": "1.11.1",
  "serial": 7,
  "lineage": "763c4b33-307b-c74d-7df5-87a621ad8635",
  "outputs": {},
  "resources": [
    {
      "module": "module.vpc-test",
      "mode": "managed",
      "type": "aws_internet_gateway",
      "name": "main",
      "provider": "provider[\"registry.terraform.io/hashicorp/aws\"]",
      "instances": [
        {
          "index_key": 0,
          "schema_version": 0,
          "attributes": {
            "arn": "arn:aws:ec2:eu-north-1:211125570314:internet-gateway/igw-0940c99b5c22f681a",
            "id": "igw-0940c99b5c22f681a",
            "owner_id": "211125570314",
            "tags": null,
            "tags_all": {},
            "timeouts": null,
            "vpc_id": "vpc-03922e6ad17452b14"
          },
          "sensitive_attributes": [],
          "private": "eyJlMmJmYjczMC1lY2FhLTExZTYtOGY4OC0zNDM2M2JjN2M0YzAiOnsiY3JlYXRlIjoxMjAwMDAwMDAwMDAwLCJkZWxldGUiOjEyMDAwMDAwMDAwMDAsInVwZGF0ZSI6MTIwMDAwMDAwMDAwMH19",
          "dependencies": [
            "module.vpc-test.aws_vpc.main"
          ]
        }
      ]
    },
    {
      "module": "module.vpc-test",
      "mode": "managed",
      "type": "aws_route_table",
      "name": "main",
      "provider": "provider[\"registry.terraform.io/hashicorp/aws\"]",
      "instances": [
        {
          "index_key": 0,
          "schema_version": 0,
          "attributes": {
            "arn": "arn:aws:ec2:eu-north-1:211125570314:route-table/rtb-0c18484694d492c07",
            "id": "rtb-0c18484694d492c07",
            "owner_id": "211125570314",
            "propagating_vgws": [],
            "route": [
              {
                "carrier_gateway_id": "",
                "cidr_block": "0.0.0.0/0",
                "core_network_arn": "",
                "destination_prefix_list_id": "",
                "egress_only_gateway_id": "",
                "gateway_id": "igw-0940c99b5c22f681a",
                "ipv6_cidr_block": "",
                "local_gateway_id": "",
                "nat_gateway_id": "",
                "network_interface_id": "",
                "transit_gateway_id": "",
                "vpc_endpoint_id": "",
                "vpc_peering_connection_id": ""
              }
            ],
            "tags": null,
            "tags_all": {},
            "timeouts": null,
            "vpc_id": "vpc-03922e6ad17452b14"
          },
          "sensitive_attributes": [],
          "private": "eyJlMmJmYjczMC1lY2FhLTExZTYtOGY4OC0zNDM2M2JjN2M0YzAiOnsiY3JlYXRlIjozMDAwMDAwMDAwMDAsImRlbGV0ZSI6MzAwMDAwMDAwMDAwLCJ1cGRhdGUiOjEyMDAwMDAwMDAwMH19",
          "dependencies": [
            "module.vpc-test.aws_internet_gateway.main",
            "module.vpc-test.aws_vpc.main"
          ]
        }
      ]
    },
    {
      "module": "module.vpc-test",
      "mode": "managed",
      "type": "aws_route_table_association",
      "name": "main",
      "provider": "provider[\"registry.terraform.io/hashicorp/aws\"]",
      "instances": [
        {
          "index_key": "public_subnet",
          "schema_version": 0,
          "attributes": {
            "gateway_id": "",
            "id": "rtbassoc-06002986b7001318c",
            "route_table_id": "rtb-0c18484694d492c07",
            "subnet_id": "subnet-00e70617af1ce59af",
            "timeouts": null
          },
          "sensitive_attributes": [],
          "private": "eyJlMmJmYjczMC1lY2FhLTExZTYtOGY4OC0zNDM2M2JjN2M0YzAiOnsiY3JlYXRlIjozMDAwMDAwMDAwMDAsImRlbGV0ZSI6MzAwMDAwMDAwMDAwLCJ1cGRhdGUiOjEyMDAwMDAwMDAwMH19",
          "dependencies": [
            "module.vpc-test.aws_internet_gateway.main",
            "module.vpc-test.aws_route_table.main",
            "module.vpc-test.aws_subnet.main",
            "module.vpc-test.aws_vpc.main"
          ]
        }
      ]
    },
    {
      "module": "module.vpc-test",
      "mode": "managed",
      "type": "aws_subnet",
      "name": "main",
      "provider": "provider[\"registry.terraform.io/hashicorp/aws\"]",
      "instances": [
        {
          "index_key": "private_subnet",
          "schema_version": 1,
          "attributes": {
            "arn": "arn:aws:ec2:eu-north-1:211125570314:subnet/subnet-042c555ef1a11a934",
            "assign_ipv6_address_on_creation": false,
            "availability_zone": "eu-north-1b",
            "availability_zone_id": "eun1-az2",
            "cidr_block": "10.0.1.0/24",
            "customer_owned_ipv4_pool": "",
            "enable_dns64": false,
            "enable_lni_at_device_index": 0,
            "enable_resource_name_dns_a_record_on_launch": false,
            "enable_resource_name_dns_aaaa_record_on_launch": false,
            "id": "subnet-042c555ef1a11a934",
            "ipv6_cidr_block": "",
            "ipv6_cidr_block_association_id": "",
            "ipv6_native": false,
            "map_customer_owned_ip_on_launch": false,
            "map_public_ip_on_launch": false,
            "outpost_arn": "",
            "owner_id": "211125570314",
            "private_dns_hostname_type_on_launch": "ip-name",
            "tags": {
              "Name": "private_subnet"
            },
            "tags_all": {
              "Name": "private_subnet"
            },
            "timeouts": null,
            "vpc_id": "vpc-03922e6ad17452b14"
          },
          "sensitive_attributes": [],
          "private": "eyJlMmJmYjczMC1lY2FhLTExZTYtOGY4OC0zNDM2M2JjN2M0YzAiOnsiY3JlYXRlIjo2MDAwMDAwMDAwMDAsImRlbGV0ZSI6MTIwMDAwMDAwMDAwMH0sInNjaGVtYV92ZXJzaW9uIjoiMSJ9",
          "dependencies": [
            "module.vpc-test.aws_vpc.main"
          ]
        },
        {
          "index_key": "public_subnet",
          "schema_version": 1,
          "attributes": {
            "arn": "arn:aws:ec2:eu-north-1:211125570314:subnet/subnet-00e70617af1ce59af",
            "assign_ipv6_address_on_creation": false,
            "availability_zone": "eu-north-1a",
            "availability_zone_id": "eun1-az1",
            "cidr_block": "10.0.0.0/24",
            "customer_owned_ipv4_pool": "",
            "enable_dns64": false,
            "enable_lni_at_device_index": 0,
            "enable_resource_name_dns_a_record_on_launch": false,
            "enable_resource_name_dns_aaaa_record_on_launch": false,
            "id": "subnet-00e70617af1ce59af",
            "ipv6_cidr_block": "",
            "ipv6_cidr_block_association_id": "",
            "ipv6_native": false,
            "map_customer_owned_ip_on_launch": false,
            "map_public_ip_on_launch": false,
            "outpost_arn": "",
            "owner_id": "211125570314",
            "private_dns_hostname_type_on_launch": "ip-name",
            "tags": {
              "Name": "public_subnet"
            },
            "tags_all": {
              "Name": "public_subnet"
            },
            "timeouts": null,
            "vpc_id": "vpc-03922e6ad17452b14"
          },
          "sensitive_attributes": [],
          "private": "eyJlMmJmYjczMC1lY2FhLTExZTYtOGY4OC0zNDM2M2JjN2M0YzAiOnsiY3JlYXRlIjo2MDAwMDAwMDAwMDAsImRlbGV0ZSI6MTIwMDAwMDAwMDAwMH0sInNjaGVtYV92ZXJzaW9uIjoiMSJ9",
          "dependencies": [
            "module.vpc-test.aws_vpc.main"
          ]
        }
      ]
    },
    {
      "module": "module.vpc-test",
      "mode": "managed",
      "type": "aws_vpc",
      "name": "main",
      "provider": "provider[\"registry.terraform.io/hashicorp/aws\"]",
      "instances": [
        {
          "schema_version": 1,
          "attributes": {
            "arn": "arn:aws:ec2:eu-north-1:211125570314:vpc/vpc-03922e6ad17452b14",
            "assign_generated_ipv6_cidr_block": false,
            "cidr_block": "10.0.0.0/16",
            "default_network_acl_id": "acl-0869eb45724218f33",
            "default_route_table_id": "rtb-09b108f6d1dcf83ce",
            "default_security_group_id": "sg-09d40edb89db88c00",
            "dhcp_options_id": "dopt-0df934aea496cf416",
            "enable_dns_hostnames": false,
            "enable_dns_support": true,
            "enable_network_address_usage_metrics": false,
            "id": "vpc-03922e6ad17452b14",
            "instance_tenancy": "default",
            "ipv4_ipam_pool_id": null,
            "ipv4_netmask_length": null,
            "ipv6_association_id": "",
            "ipv6_cidr_block": "",
            "ipv6_cidr_block_network_border_group": "",
            "ipv6_ipam_pool_id": "",
            "ipv6_netmask_length": 0,
            "main_route_table_id": "rtb-09b108f6d1dcf83ce",
            "owner_id": "211125570314",
            "tags": {
              "Name": "your_vpc_name"
            },
            "tags_all": {
              "Name": "your_vpc_name"
            }
          },
          "sensitive_attributes": [],
          "private": "eyJzY2hlbWFfdmVyc2lvbiI6IjEifQ=="
        }
      ]
    }
  ],
  "check_results": [
    {
      "object_kind": "var",
      "config_addr": "module.vpc-test.var.vpc_config",
      "status": "pass",
      "objects": [
        {
          "object_addr": "module.vpc-test.var.vpc_config",
          "status": "pass"
        }
      ]
    },
    {
      "object_kind": "var",
      "config_addr": "module.vpc-test.var.subnet_config",
      "status": "pass",
      "objects": [
        {
          "object_addr": "module.vpc-test.var.subnet_config",
          "status": "pass"
        }
      ]
    }
  ]
}
