{
  "version": 4,
  "terraform_version": "1.11.1",
  "serial": 51,
  "lineage": "6c7b0b76-9dad-b0dc-979d-e91200704727",
  "outputs": {
    "output": {
      "value": [
        {
          "role": "AmazonEC2FullAccess",
          "username": "uday"
        },
        {
          "role": "AmazonS3ReadOnlyAccess",
          "username": "sham"
        },
        {
          "role": "AmazonS3ReadOnlyAccess",
          "username": "baburao"
        },
        {
          "role": "AmazonEC2FullAccess",
          "username": "baburao"
        }
      ],
      "type": [
        "tuple",
        [
          [
            "object",
            {
              "role": "string",
              "username": "string"
            }
          ],
          [
            "object",
            {
              "role": "string",
              "username": "string"
            }
          ],
          [
            "object",
            {
              "role": "string",
              "username": "string"
            }
          ],
          [
            "object",
            {
              "role": "string",
              "username": "string"
            }
          ]
        ]
      ]
    }
  },
  "resources": [
    {
      "mode": "managed",
      "type": "aws_iam_user",
      "name": "users",
      "provider": "provider[\"registry.terraform.io/hashicorp/aws\"]",
      "instances": [
        {
          "index_key": "baburao",
          "schema_version": 0,
          "attributes": {
            "arn": "arn:aws:iam::211125570314:user/baburao",
            "force_destroy": false,
            "id": "baburao",
            "name": "baburao",
            "path": "/",
            "permissions_boundary": "",
            "tags": null,
            "tags_all": {},
            "unique_id": "AIDATCKAQRMFME2OZ2V5N"
          },
          "sensitive_attributes": [],
          "private": "bnVsbA=="
        },
        {
          "index_key": "sham",
          "schema_version": 0,
          "attributes": {
            "arn": "arn:aws:iam::211125570314:user/sham",
            "force_destroy": false,
            "id": "sham",
            "name": "sham",
            "path": "/",
            "permissions_boundary": "",
            "tags": null,
            "tags_all": {},
            "unique_id": "AIDATCKAQRMFJOIBKPR66"
          },
          "sensitive_attributes": [],
          "private": "bnVsbA=="
        }
      ]
    }
  ],
  "check_results": null
}
